# This file was autogenerated by Stack.
# You should not edit this file by hand.
# For more information, please see the documentation at:
#   https://docs.haskellstack.org/en/stable/lock_files

packages:
- completed:
    hackage: lattices-2.0.2@sha256:f140b0cdb1471e9b808a0f94f26001fe0936db1913b15fe50a5b96b086cc5588,3544
    pantry-tree:
      size: 1986
      sha256: 1677ce24602f73ce93180056700e71e1902c69f97e921a15bd0e1911722a226c
  original:
    hackage: lattices-2.0.2
- completed:
    hackage: ansi-terminal-0.10.3@sha256:e2fbcef5f980dc234c7ad8e2fa433b0e8109132c9e643bc40ea5608cd5697797,3226
    pantry-tree:
      size: 1461
      sha256: 02f05d52be3ffcf36c78876629cbab80b63420672685371aea4fd10e1c4aabb6
  original:
    hackage: ansi-terminal-0.10.3
- completed:
    hackage: mtl-2.2.2@sha256:1050fb71acd9f5d67da7d992583f5bd0eb14407b9dc7acc122af1b738b706ca3,2261
    pantry-tree:
      size: 1713
      sha256: b8bdc2259e2f943a7252fb164805666fe108ac959d398e0af27b43ba2ebc241c
  original:
    hackage: mtl-2.2.2
- completed:
    hackage: readline-1.0.3.0@sha256:db011062b90fbfbbc8b02666d835742c1d4de1f990a89fc056ef8082f3e3cba0,912
    pantry-tree:
      size: 818
      sha256: 661af71986cae04cb7dbffc3b0557ca94cf9e87ba163c70e91c59f4c5eaf5e64
  original:
    hackage: readline-1.0.3.0
- completed:
    hackage: parsec-3.1.14.0@sha256:63a4555d6ea2aaccd8588fc809e5d137e72b668898ab3b171ce8458b792f0f36,4356
    pantry-tree:
      size: 2574
      sha256: c17cc12ba9a912521d58d8bcee07830351fe27483d9309ebdac8e32175e10706
  original:
    hackage: parsec-3.1.14.0
snapshots:
- completed:
    size: 529134
    url: https://raw.githubusercontent.com/commercialhaskell/stackage-snapshots/master/nightly/2019/9/21.yaml
    sha256: 1fb0ce1b3aab70f7b5147dc7b4abb8b1376d89e6991b78b977999be81e4c7912
  original: nightly-2019-09-21
